
Microsoft Visual Studio Solution File, Format Version 12.00
# Visual Studio Version 17
VisualStudioVersion = 17.5.33530.505
MinimumVisualStudioVersion = 10.0.40219.1
Project("{FAE04EC0-301F-11D3-BF4B-00C04F79EFBC}") = "SpendWise", "SpendWise\SpendWise.csproj", "{C5AFC3C8-F0B8-462F-902E-BE3C633F5671}"
EndProject
Global
	GlobalSection(SolutionConfigurationPlatforms) = preSolution
		Debug|Any CPU = Debug|Any CPU
		Release|Any CPU = Release|Any CPU
	EndGlobalSection
	GlobalSection(ProjectConfigurationPlatforms) = postSolution
		{C5AFC3C8-F0B8-462F-902E-BE3C633F5671}.Debug|Any CPU.ActiveCfg = Debug|Any CPU
		{C5AFC3C8-F0B8-462F-902E-BE3C633F5671}.Debug|Any CPU.Build.0 = Debug|Any CPU
		{C5AFC3C8-F0B8-462F-902E-BE3C633F5671}.Release|Any CPU.ActiveCfg = Release|Any CPU
		{C5AFC3C8-F0B8-462F-902E-BE3C633F5671}.Release|Any CPU.Build.0 = Release|Any CPU
	EndGlobalSection
	GlobalSection(SolutionProperties) = preSolution
		HideSolutionNode = FALSE
	EndGlobalSection
	GlobalSection(ExtensibilityGlobals) = postSolution
		SolutionGuid = {F40063DB-FB42-48B9-9574-4782C87B2129}
	EndGlobalSection
EndGlobal
